
Microsoft Visual Studio Solution File, Format Version 12.00
# Visual Studio Version 17
VisualStudioVersion = 17.7.34031.279
MinimumVisualStudioVersion = 10.0.40219.1
Project("{E24C65DC-7377-472B-9ABA-BC803B73C61A}") = "Amenazon.com", ".", "{8C25FD2A-2DCB-42D0-BAFB-A4E1A8C3E06B}"
	ProjectSection(WebsiteProperties) = preProject
		TargetFrameworkMoniker = ".NETFramework,Version%3Dv4.0"
		Debug.AspNetCompiler.VirtualPath = "/localhost_35650"
		Debug.AspNetCompiler.PhysicalPath = "..\Amenazon.com\"
		Debug.AspNetCompiler.TargetPath = "PrecompiledWeb\localhost_35650\"
		Debug.AspNetCompiler.Updateable = "true"
		Debug.AspNetCompiler.ForceOverwrite = "true"
		Debug.AspNetCompiler.FixedNames = "false"
		Debug.AspNetCompiler.Debug = "True"
		Release.AspNetCompiler.VirtualPath = "/localhost_35650"
		Release.AspNetCompiler.PhysicalPath = "..\Amenazon.com\"
		Release.AspNetCompiler.TargetPath = "PrecompiledWeb\localhost_35650\"
		Release.AspNetCompiler.Updateable = "true"
		Release.AspNetCompiler.ForceOverwrite = "true"
		Release.AspNetCompiler.FixedNames = "false"
		Release.AspNetCompiler.Debug = "False"
		VWDPort = "35650"
		SlnRelativePath = "..\Amenazon.com\"
	EndProjectSection
EndProject
Global
	GlobalSection(SolutionConfigurationPlatforms) = preSolution
		Debug|Any CPU = Debug|Any CPU
	EndGlobalSection
	GlobalSection(ProjectConfigurationPlatforms) = postSolution
		{8C25FD2A-2DCB-42D0-BAFB-A4E1A8C3E06B}.Debug|Any CPU.ActiveCfg = Debug|Any CPU
		{8C25FD2A-2DCB-42D0-BAFB-A4E1A8C3E06B}.Debug|Any CPU.Build.0 = Debug|Any CPU
	EndGlobalSection
	GlobalSection(SolutionProperties) = preSolution
		HideSolutionNode = FALSE
	EndGlobalSection
	GlobalSection(ExtensibilityGlobals) = postSolution
		SolutionGuid = {EABA50CD-3B67-49BC-A029-7306D3785698}
	EndGlobalSection
EndGlobal
